
Microsoft Visual Studio Solution File, Format Version 12.00
# Visual Studio Version 17
VisualStudioVersion = 17.0.31903.59
MinimumVisualStudioVersion = 10.0.40219.1
Project("{2150E333-8FDC-42A3-9474-1A3956D46DE8}") = "src", "src", "{4DAA2D0A-57E0-4828-B828-787F82B491B1}"
EndProject
Project("{FAE04EC0-301F-11D3-BF4B-00C04F79EFBC}") = "SpaceTree.Core", "src\SpaceTree.Core\SpaceTree.Core.csproj", "{22691872-713A-43D2-B4FA-89E2A15D30CB}"
EndProject
Project("{2150E333-8FDC-42A3-9474-1A3956D46DE8}") = "tests", "tests", "{1A3BADDF-81B2-4361-9D9F-E93555A47B27}"
EndProject
Project("{FAE04EC0-301F-11D3-BF4B-00C04F79EFBC}") = "SpaceTree.Core.Tests", "tests\SpaceTree.Core.Tests\SpaceTree.Core.Tests.csproj", "{0515CE1B-92D4-4AA0-A54C-F6FCB930FC95}"
EndProject
Project("{FAE04EC0-301F-11D3-BF4B-00C04F79EFBC}") = "SpaceTree.App", "src\SpaceTree.App\SpaceTree.App.csproj", "{CFBC7B65-C3DD-4735-B16F-F7261F530D2F}"
EndProject
Global
	GlobalSection(SolutionConfigurationPlatforms) = preSolution
		Debug|Any CPU = Debug|Any CPU
		Release|Any CPU = Release|Any CPU
	EndGlobalSection
	GlobalSection(SolutionProperties) = preSolution
		HideSolutionNode = FALSE
	EndGlobalSection
	GlobalSection(ProjectConfigurationPlatforms) = postSolution
		{22691872-713A-43D2-B4FA-89E2A15D30CB}.Debug|Any CPU.ActiveCfg = Debug|Any CPU
		{22691872-713A-43D2-B4FA-89E2A15D30CB}.Debug|Any CPU.Build.0 = Debug|Any CPU
		{22691872-713A-43D2-B4FA-89E2A15D30CB}.Release|Any CPU.ActiveCfg = Release|Any CPU
		{22691872-713A-43D2-B4FA-89E2A15D30CB}.Release|Any CPU.Build.0 = Release|Any CPU
		{0515CE1B-92D4-4AA0-A54C-F6FCB930FC95}.Debug|Any CPU.ActiveCfg = Debug|Any CPU
		{0515CE1B-92D4-4AA0-A54C-F6FCB930FC95}.Debug|Any CPU.Build.0 = Debug|Any CPU
		{0515CE1B-92D4-4AA0-A54C-F6FCB930FC95}.Release|Any CPU.ActiveCfg = Release|Any CPU
		{0515CE1B-92D4-4AA0-A54C-F6FCB930FC95}.Release|Any CPU.Build.0 = Release|Any CPU
		{CFBC7B65-C3DD-4735-B16F-F7261F530D2F}.Debug|Any CPU.ActiveCfg = Debug|Any CPU
		{CFBC7B65-C3DD-4735-B16F-F7261F530D2F}.Debug|Any CPU.Build.0 = Debug|Any CPU
		{CFBC7B65-C3DD-4735-B16F-F7261F530D2F}.Release|Any CPU.ActiveCfg = Release|Any CPU
		{CFBC7B65-C3DD-4735-B16F-F7261F530D2F}.Release|Any CPU.Build.0 = Release|Any CPU
	EndGlobalSection
	GlobalSection(NestedProjects) = preSolution
		{22691872-713A-43D2-B4FA-89E2A15D30CB} = {4DAA2D0A-57E0-4828-B828-787F82B491B1}
		{0515CE1B-92D4-4AA0-A54C-F6FCB930FC95} = {1A3BADDF-81B2-4361-9D9F-E93555A47B27}
		{CFBC7B65-C3DD-4735-B16F-F7261F530D2F} = {4DAA2D0A-57E0-4828-B828-787F82B491B1}
	EndGlobalSection
EndGlobal
